
Microsoft Visual Studio Solution File, Format Version 12.00
# Visual Studio Version 16
VisualStudioVersion = 16.0.29306.81
MinimumVisualStudioVersion = 10.0.40219.1
Project("{9A19103F-16F7-4668-BE54-9A1E7A4F7556}") = "1. Diagonal Difference", "1. Diagonal Difference\1. Diagonal Difference.csproj", "{A9AFED2A-99B2-4844-9953-2A94244DC813}"
EndProject
Project("{9A19103F-16F7-4668-BE54-9A1E7A4F7556}") = "2. Squares in Matrix", "2. Squares in Matrix\2. Squares in Matrix.csproj", "{BAF2DF43-DA7B-45FC-BE2D-486BB7F6BF92}"
EndProject
Project("{9A19103F-16F7-4668-BE54-9A1E7A4F7556}") = "3. Maximal Sum", "3. Maximal Sum\3. Maximal Sum.csproj", "{3D6A82EB-FEC4-4965-8888-A88AD61FF4B3}"
EndProject
Project("{9A19103F-16F7-4668-BE54-9A1E7A4F7556}") = "4. Matrix Shuffling", "4. Matrix Shuffling\4. Matrix Shuffling.csproj", "{B46106C6-55CE-4534-A4D6-2B7D26B49AAC}"
EndProject
Project("{9A19103F-16F7-4668-BE54-9A1E7A4F7556}") = "5. Snake Moves", "5. Snake Moves\5. Snake Moves.csproj", "{DD711A8A-0595-4AFB-AA41-7F3BF2B54D8C}"
EndProject
Project("{9A19103F-16F7-4668-BE54-9A1E7A4F7556}") = "6. Jagged Array Manipulator", "6. Jagged Array Manipulator\6. Jagged Array Manipulator.csproj", "{9ECB8EBE-17CF-49CA-A68E-9A503B60624B}"
EndProject
Project("{9A19103F-16F7-4668-BE54-9A1E7A4F7556}") = "7. Knight Game", "7. Knight Game\7. Knight Game.csproj", "{DDC22AC3-786E-4F93-8D93-95CCDB0566D4}"
EndProject
Project("{FAE04EC0-301F-11D3-BF4B-00C04F79EFBC}") = "9. Miner", "9. Miner\9. Miner.csproj", "{9E2EB414-3180-4BDF-9BB2-32F958FB3283}"
EndProject
Project("{FAE04EC0-301F-11D3-BF4B-00C04F79EFBC}") = "8. Bombs", "8. Bombs\8. Bombs.csproj", "{130F28F9-0A69-44AA-85AF-3E01337C1B21}"
EndProject
Global
	GlobalSection(SolutionConfigurationPlatforms) = preSolution
		Debug|Any CPU = Debug|Any CPU
		Release|Any CPU = Release|Any CPU
	EndGlobalSection
	GlobalSection(ProjectConfigurationPlatforms) = postSolution
		{A9AFED2A-99B2-4844-9953-2A94244DC813}.Debug|Any CPU.ActiveCfg = Debug|Any CPU
		{A9AFED2A-99B2-4844-9953-2A94244DC813}.Debug|Any CPU.Build.0 = Debug|Any CPU
		{A9AFED2A-99B2-4844-9953-2A94244DC813}.Release|Any CPU.ActiveCfg = Release|Any CPU
		{A9AFED2A-99B2-4844-9953-2A94244DC813}.Release|Any CPU.Build.0 = Release|Any CPU
		{BAF2DF43-DA7B-45FC-BE2D-486BB7F6BF92}.Debug|Any CPU.ActiveCfg = Debug|Any CPU
		{BAF2DF43-DA7B-45FC-BE2D-486BB7F6BF92}.Debug|Any CPU.Build.0 = Debug|Any CPU
		{BAF2DF43-DA7B-45FC-BE2D-486BB7F6BF92}.Release|Any CPU.ActiveCfg = Release|Any CPU
		{BAF2DF43-DA7B-45FC-BE2D-486BB7F6BF92}.Release|Any CPU.Build.0 = Release|Any CPU
		{3D6A82EB-FEC4-4965-8888-A88AD61FF4B3}.Debug|Any CPU.ActiveCfg = Debug|Any CPU
		{3D6A82EB-FEC4-4965-8888-A88AD61FF4B3}.Debug|Any CPU.Build.0 = Debug|Any CPU
		{3D6A82EB-FEC4-4965-8888-A88AD61FF4B3}.Release|Any CPU.ActiveCfg = Release|Any CPU
		{3D6A82EB-FEC4-4965-8888-A88AD61FF4B3}.Release|Any CPU.Build.0 = Release|Any CPU
		{B46106C6-55CE-4534-A4D6-2B7D26B49AAC}.Debug|Any CPU.ActiveCfg = Debug|Any CPU
		{B46106C6-55CE-4534-A4D6-2B7D26B49AAC}.Debug|Any CPU.Build.0 = Debug|Any CPU
		{B46106C6-55CE-4534-A4D6-2B7D26B49AAC}.Release|Any CPU.ActiveCfg = Release|Any CPU
		{B46106C6-55CE-4534-A4D6-2B7D26B49AAC}.Release|Any CPU.Build.0 = Release|Any CPU
		{DD711A8A-0595-4AFB-AA41-7F3BF2B54D8C}.Debug|Any CPU.ActiveCfg = Debug|Any CPU
		{DD711A8A-0595-4AFB-AA41-7F3BF2B54D8C}.Debug|Any CPU.Build.0 = Debug|Any CPU
		{DD711A8A-0595-4AFB-AA41-7F3BF2B54D8C}.Release|Any CPU.ActiveCfg = Release|Any CPU
		{DD711A8A-0595-4AFB-AA41-7F3BF2B54D8C}.Release|Any CPU.Build.0 = Release|Any CPU
		{9ECB8EBE-17CF-49CA-A68E-9A503B60624B}.Debug|Any CPU.ActiveCfg = Debug|Any CPU
		{9ECB8EBE-17CF-49CA-A68E-9A503B60624B}.Debug|Any CPU.Build.0 = Debug|Any CPU
		{9ECB8EBE-17CF-49CA-A68E-9A503B60624B}.Release|Any CPU.ActiveCfg = Release|Any CPU
		{9ECB8EBE-17CF-49CA-A68E-9A503B60624B}.Release|Any CPU.Build.0 = Release|Any CPU
		{DDC22AC3-786E-4F93-8D93-95CCDB0566D4}.Debug|Any CPU.ActiveCfg = Debug|Any CPU
		{DDC22AC3-786E-4F93-8D93-95CCDB0566D4}.Debug|Any CPU.Build.0 = Debug|Any CPU
		{DDC22AC3-786E-4F93-8D93-95CCDB0566D4}.Release|Any CPU.ActiveCfg = Release|Any CPU
		{DDC22AC3-786E-4F93-8D93-95CCDB0566D4}.Release|Any CPU.Build.0 = Release|Any CPU
		{9E2EB414-3180-4BDF-9BB2-32F958FB3283}.Debug|Any CPU.ActiveCfg = Debug|Any CPU
		{9E2EB414-3180-4BDF-9BB2-32F958FB3283}.Debug|Any CPU.Build.0 = Debug|Any CPU
		{9E2EB414-3180-4BDF-9BB2-32F958FB3283}.Release|Any CPU.ActiveCfg = Release|Any CPU
		{9E2EB414-3180-4BDF-9BB2-32F958FB3283}.Release|Any CPU.Build.0 = Release|Any CPU
		{130F28F9-0A69-44AA-85AF-3E01337C1B21}.Debug|Any CPU.ActiveCfg = Debug|Any CPU
		{130F28F9-0A69-44AA-85AF-3E01337C1B21}.Debug|Any CPU.Build.0 = Debug|Any CPU
		{130F28F9-0A69-44AA-85AF-3E01337C1B21}.Release|Any CPU.ActiveCfg = Release|Any CPU
		{130F28F9-0A69-44AA-85AF-3E01337C1B21}.Release|Any CPU.Build.0 = Release|Any CPU
	EndGlobalSection
	GlobalSection(SolutionProperties) = preSolution
		HideSolutionNode = FALSE
	EndGlobalSection
	GlobalSection(ExtensibilityGlobals) = postSolution
		SolutionGuid = {D80D920B-6C03-4107-B164-6F9D01F954BC}
	EndGlobalSection
EndGlobal
