
Microsoft Visual Studio Solution File, Format Version 12.00
# Visual Studio Version 16
VisualStudioVersion = 16.0.29409.12
MinimumVisualStudioVersion = 10.0.40219.1
Project("{9A19103F-16F7-4668-BE54-9A1E7A4F7556}") = "01. Sort Even Numbers", "01. Sort Even Numbers\01. Sort Even Numbers.csproj", "{C13BD5E7-B0EA-476A-83D8-C4906E930C6E}"
EndProject
Project("{FAE04EC0-301F-11D3-BF4B-00C04F79EFBC}") = "02. Sum Numbers", "02. Sum Numbers\02. Sum Numbers.csproj", "{150CBB24-85DA-4EF5-94E0-5B60C652BA99}"
EndProject
Project("{FAE04EC0-301F-11D3-BF4B-00C04F79EFBC}") = "03. Count Uppercase Words", "03. Count Uppercase Words\03. Count Uppercase Words.csproj", "{50DE6103-5538-4F2B-ADDF-907019F1AACC}"
EndProject
Project("{FAE04EC0-301F-11D3-BF4B-00C04F79EFBC}") = "04. Add VAT", "04. Add VAT\04. Add VAT.csproj", "{63593825-C7BD-465A-9319-21B4A26AEE73}"
EndProject
Project("{FAE04EC0-301F-11D3-BF4B-00C04F79EFBC}") = "05. Filter By Age", "05. Filter By Age\05. Filter By Age.csproj", "{28014E4E-E916-4D29-8F15-33591460FDD7}"
EndProject
Global
	GlobalSection(SolutionConfigurationPlatforms) = preSolution
		Debug|Any CPU = Debug|Any CPU
		Release|Any CPU = Release|Any CPU
	EndGlobalSection
	GlobalSection(ProjectConfigurationPlatforms) = postSolution
		{C13BD5E7-B0EA-476A-83D8-C4906E930C6E}.Debug|Any CPU.ActiveCfg = Debug|Any CPU
		{C13BD5E7-B0EA-476A-83D8-C4906E930C6E}.Debug|Any CPU.Build.0 = Debug|Any CPU
		{C13BD5E7-B0EA-476A-83D8-C4906E930C6E}.Release|Any CPU.ActiveCfg = Release|Any CPU
		{C13BD5E7-B0EA-476A-83D8-C4906E930C6E}.Release|Any CPU.Build.0 = Release|Any CPU
		{150CBB24-85DA-4EF5-94E0-5B60C652BA99}.Debug|Any CPU.ActiveCfg = Debug|Any CPU
		{150CBB24-85DA-4EF5-94E0-5B60C652BA99}.Debug|Any CPU.Build.0 = Debug|Any CPU
		{150CBB24-85DA-4EF5-94E0-5B60C652BA99}.Release|Any CPU.ActiveCfg = Release|Any CPU
		{150CBB24-85DA-4EF5-94E0-5B60C652BA99}.Release|Any CPU.Build.0 = Release|Any CPU
		{50DE6103-5538-4F2B-ADDF-907019F1AACC}.Debug|Any CPU.ActiveCfg = Debug|Any CPU
		{50DE6103-5538-4F2B-ADDF-907019F1AACC}.Debug|Any CPU.Build.0 = Debug|Any CPU
		{50DE6103-5538-4F2B-ADDF-907019F1AACC}.Release|Any CPU.ActiveCfg = Release|Any CPU
		{50DE6103-5538-4F2B-ADDF-907019F1AACC}.Release|Any CPU.Build.0 = Release|Any CPU
		{63593825-C7BD-465A-9319-21B4A26AEE73}.Debug|Any CPU.ActiveCfg = Debug|Any CPU
		{63593825-C7BD-465A-9319-21B4A26AEE73}.Debug|Any CPU.Build.0 = Debug|Any CPU
		{63593825-C7BD-465A-9319-21B4A26AEE73}.Release|Any CPU.ActiveCfg = Release|Any CPU
		{63593825-C7BD-465A-9319-21B4A26AEE73}.Release|Any CPU.Build.0 = Release|Any CPU
		{28014E4E-E916-4D29-8F15-33591460FDD7}.Debug|Any CPU.ActiveCfg = Debug|Any CPU
		{28014E4E-E916-4D29-8F15-33591460FDD7}.Debug|Any CPU.Build.0 = Debug|Any CPU
		{28014E4E-E916-4D29-8F15-33591460FDD7}.Release|Any CPU.ActiveCfg = Release|Any CPU
		{28014E4E-E916-4D29-8F15-33591460FDD7}.Release|Any CPU.Build.0 = Release|Any CPU
	EndGlobalSection
	GlobalSection(SolutionProperties) = preSolution
		HideSolutionNode = FALSE
	EndGlobalSection
	GlobalSection(ExtensibilityGlobals) = postSolution
		SolutionGuid = {5CB9ADBC-887D-4F68-90FC-4356DE4E6AC1}
	EndGlobalSection
EndGlobal
