
Microsoft Visual Studio Solution File, Format Version 12.00
# Visual Studio Version 16
VisualStudioVersion = 16.0.29409.12
MinimumVisualStudioVersion = 10.0.40219.1
Project("{FAE04EC0-301F-11D3-BF4B-00C04F79EFBC}") = "01. Box", "01. Box\01. Box.csproj", "{AB0CB925-67A2-4948-8E8B-016337C77D60}"
EndProject
Global
	GlobalSection(SolutionConfigurationPlatforms) = preSolution
		Debug|Any CPU = Debug|Any CPU
		Release|Any CPU = Release|Any CPU
	EndGlobalSection
	GlobalSection(ProjectConfigurationPlatforms) = postSolution
		{AB0CB925-67A2-4948-8E8B-016337C77D60}.Debug|Any CPU.ActiveCfg = Debug|Any CPU
		{AB0CB925-67A2-4948-8E8B-016337C77D60}.Debug|Any CPU.Build.0 = Debug|Any CPU
		{AB0CB925-67A2-4948-8E8B-016337C77D60}.Release|Any CPU.ActiveCfg = Release|Any CPU
		{AB0CB925-67A2-4948-8E8B-016337C77D60}.Release|Any CPU.Build.0 = Release|Any CPU
	EndGlobalSection
	GlobalSection(SolutionProperties) = preSolution
		HideSolutionNode = FALSE
	EndGlobalSection
	GlobalSection(ExtensibilityGlobals) = postSolution
		SolutionGuid = {29E4DA02-1639-4361-8DBE-0FF1268FF0C3}
	EndGlobalSection
EndGlobal
