
Microsoft Visual Studio Solution File, Format Version 12.00
# Visual Studio Version 16
VisualStudioVersion = 16.0.29409.12
MinimumVisualStudioVersion = 10.0.40219.1
Project("{FAE04EC0-301F-11D3-BF4B-00C04F79EFBC}") = "01. Action Print", "01. Action Print\01. Action Print.csproj", "{4919406E-EF5E-44EC-8329-2AC2A9F898DE}"
EndProject
Global
	GlobalSection(SolutionConfigurationPlatforms) = preSolution
		Debug|Any CPU = Debug|Any CPU
		Release|Any CPU = Release|Any CPU
	EndGlobalSection
	GlobalSection(ProjectConfigurationPlatforms) = postSolution
		{4919406E-EF5E-44EC-8329-2AC2A9F898DE}.Debug|Any CPU.ActiveCfg = Debug|Any CPU
		{4919406E-EF5E-44EC-8329-2AC2A9F898DE}.Debug|Any CPU.Build.0 = Debug|Any CPU
		{4919406E-EF5E-44EC-8329-2AC2A9F898DE}.Release|Any CPU.ActiveCfg = Release|Any CPU
		{4919406E-EF5E-44EC-8329-2AC2A9F898DE}.Release|Any CPU.Build.0 = Release|Any CPU
	EndGlobalSection
	GlobalSection(SolutionProperties) = preSolution
		HideSolutionNode = FALSE
	EndGlobalSection
	GlobalSection(ExtensibilityGlobals) = postSolution
		SolutionGuid = {1E60CBB9-6656-4E0B-8010-FE918288F1A6}
	EndGlobalSection
EndGlobal
